
Microsoft Visual Studio Solution File, Format Version 12.00
# Visual Studio 2013
VisualStudioVersion = 12.0.30501.0
MinimumVisualStudioVersion = 10.0.40219.1
Project("{FAE04EC0-301F-11D3-BF4B-00C04F79EFBC}") = "Alertr.Website", "Source\Alertr.Website\Alertr.Website.csproj", "{8B1209E5-F008-4321-8C55-9E00A58649D2}"
EndProject
Project("{FAE04EC0-301F-11D3-BF4B-00C04F79EFBC}") = "Alertr.Shared", "Source\Alertr.Shared\Alertr.Shared.csproj", "{DDC72B5C-CBD5-4825-8312-9CA8BABB95FE}"
EndProject
Project("{2150E333-8FDC-42A3-9474-1A3956D46DE8}") = "Legacy", "Legacy", "{5AC96074-BFF8-4675-A21E-A5556D06EC57}"
	ProjectSection(SolutionItems) = preProject
		Legacy\OldAlertr.zip = Legacy\OldAlertr.zip
	EndProjectSection
EndProject
Project("{2150E333-8FDC-42A3-9474-1A3956D46DE8}") = "Source", "Source", "{28D1952F-CE2B-41E8-988A-241EB906DEC8}"
EndProject
Global
	GlobalSection(SolutionConfigurationPlatforms) = preSolution
		Debug|Any CPU = Debug|Any CPU
		Release|Any CPU = Release|Any CPU
	EndGlobalSection
	GlobalSection(ProjectConfigurationPlatforms) = postSolution
		{8B1209E5-F008-4321-8C55-9E00A58649D2}.Debug|Any CPU.ActiveCfg = Debug|Any CPU
		{8B1209E5-F008-4321-8C55-9E00A58649D2}.Debug|Any CPU.Build.0 = Debug|Any CPU
		{8B1209E5-F008-4321-8C55-9E00A58649D2}.Release|Any CPU.ActiveCfg = Release|Any CPU
		{8B1209E5-F008-4321-8C55-9E00A58649D2}.Release|Any CPU.Build.0 = Release|Any CPU
		{DDC72B5C-CBD5-4825-8312-9CA8BABB95FE}.Debug|Any CPU.ActiveCfg = Debug|Any CPU
		{DDC72B5C-CBD5-4825-8312-9CA8BABB95FE}.Debug|Any CPU.Build.0 = Debug|Any CPU
		{DDC72B5C-CBD5-4825-8312-9CA8BABB95FE}.Release|Any CPU.ActiveCfg = Release|Any CPU
		{DDC72B5C-CBD5-4825-8312-9CA8BABB95FE}.Release|Any CPU.Build.0 = Release|Any CPU
	EndGlobalSection
	GlobalSection(SolutionProperties) = preSolution
		HideSolutionNode = FALSE
	EndGlobalSection
	GlobalSection(NestedProjects) = preSolution
		{8B1209E5-F008-4321-8C55-9E00A58649D2} = {28D1952F-CE2B-41E8-988A-241EB906DEC8}
		{DDC72B5C-CBD5-4825-8312-9CA8BABB95FE} = {28D1952F-CE2B-41E8-988A-241EB906DEC8}
	EndGlobalSection
EndGlobal
